// !$*UTF8*$!
{
	archiveVersion = 1;
	classes = {
	};
	objectVersion = 50;
	objects = {

/* Begin PBXBuildFile section */
		38AA0967218707A200963CBF /* AppDelegate.swift in Sources */ = {isa = PBXBuildFile; fileRef = 38AA0966218707A200963CBF /* AppDelegate.swift */; };
		38AA0969218707A200963CBF /* ViewController.swift in Sources */ = {isa = PBXBuildFile; fileRef = 38AA0968218707A200963CBF /* ViewController.swift */; };
		38AA096C218707A200963CBF /* Main.storyboard in Resources */ = {isa = PBXBuildFile; fileRef = 38AA096A218707A200963CBF /* Main.storyboard */; };
		38AA096E218707A400963CBF /* Assets.xcassets in Resources */ = {isa = PBXBuildFile; fileRef = 38AA096D218707A400963CBF /* Assets.xcassets */; };
		38AA0971218707A400963CBF /* LaunchScreen.storyboard in Resources */ = {isa = PBXBuildFile; fileRef = 38AA096F218707A400963CBF /* LaunchScreen.storyboard */; };
		38AA097C218707A400963CBF /* CardViewTests.swift in Sources */ = {isa = PBXBuildFile; fileRef = 38AA097B218707A400963CBF /* CardViewTests.swift */; };
		38AA0987218707A400963CBF /* CardViewUITests.swift in Sources */ = {isa = PBXBuildFile; fileRef = 38AA0986218707A400963CBF /* CardViewUITests.swift */; };
		38AA09982187086000963CBF /* CardViewController.swift in Sources */ = {isa = PBXBuildFile; fileRef = 38AA09962187086000963CBF /* CardViewController.swift */; };
		38AA09992187086000963CBF /* CardViewController.xib in Resources */ = {isa = PBXBuildFile; fileRef = 38AA09972187086000963CBF /* CardViewController.xib */; };
/* End PBXBuildFile section */

/* Begin PBXContainerItemProxy section */
		38AA0978218707A400963CBF /* PBXContainerItemProxy */ = {
			isa = PBXContainerItemProxy;
			containerPortal = 38AA095B218707A200963CBF /* Project object */;
			proxyType = 1;
			remoteGlobalIDString = 38AA0962218707A200963CBF;
			remoteInfo = CardView;
		};
		38AA0983218707A400963CBF /* PBXContainerItemProxy */ = {
			isa = PBXContainerItemProxy;
			containerPortal = 38AA095B218707A200963CBF /* Project object */;
			proxyType = 1;
			remoteGlobalIDString = 38AA0962218707A200963CBF;
			remoteInfo = CardView;
		};
/* End PBXContainerItemProxy section */

/* Begin PBXFileReference section */
		38AA0963218707A200963CBF /* CardView.app */ = {isa = PBXFileReference; explicitFileType = wrapper.application; includeInIndex = 0; path = CardView.app; sourceTree = BUILT_PRODUCTS_DIR; };
		38AA0966218707A200963CBF /* AppDelegate.swift */ = {isa = PBXFileReference; lastKnownFileType = sourcecode.swift; path = AppDelegate.swift; sourceTree = "<group>"; };
		38AA0968218707A200963CBF /* ViewController.swift */ = {isa = PBXFileReference; lastKnownFileType = sourcecode.swift; path = ViewController.swift; sourceTree = "<group>"; };
		38AA096B218707A200963CBF /* Base */ = {isa = PBXFileReference; lastKnownFileType = file.storyboard; name = Base; path = Base.lproj/Main.storyboard; sourceTree = "<group>"; };
		38AA096D218707A400963CBF /* Assets.xcassets */ = {isa = PBXFileReference; lastKnownFileType = folder.assetcatalog; path = Assets.xcassets; sourceTree = "<group>"; };
		38AA0970218707A400963CBF /* Base */ = {isa = PBXFileReference; lastKnownFileType = file.storyboard; name = Base; path = Base.lproj/LaunchScreen.storyboard; sourceTree = "<group>"; };
		38AA0972218707A400963CBF /* Info.plist */ = {isa = PBXFileReference; lastKnownFileType = text.plist.xml; path = Info.plist; sourceTree = "<group>"; };
		38AA0977218707A400963CBF /* CardViewTests.xctest */ = {isa = PBXFileReference; explicitFileType = wrapper.cfbundle; includeInIndex = 0; path = CardViewTests.xctest; sourceTree = BUILT_PRODUCTS_DIR; };
		38AA097B218707A400963CBF /* CardViewTests.swift */ = {isa = PBXFileReference; lastKnownFileType = sourcecode.swift; path = CardViewTests.swift; sourceTree = "<group>"; };
		38AA097D218707A400963CBF /* Info.plist */ = {isa = PBXFileReference; lastKnownFileType = text.plist.xml; path = Info.plist; sourceTree = "<group>"; };
		38AA0982218707A400963CBF /* CardViewUITests.xctest */ = {isa = PBXFileReference; explicitFileType = wrapper.cfbundle; includeInIndex = 0; path = CardViewUITests.xctest; sourceTree = BUILT_PRODUCTS_DIR; };
		38AA0986218707A400963CBF /* CardViewUITests.swift */ = {isa = PBXFileReference; lastKnownFileType = sourcecode.swift; path = CardViewUITests.swift; sourceTree = "<group>"; };
		38AA0988218707A400963CBF /* Info.plist */ = {isa = PBXFileReference; lastKnownFileType = text.plist.xml; path = Info.plist; sourceTree = "<group>"; };
		38AA09962187086000963CBF /* CardViewController.swift */ = {isa = PBXFileReference; lastKnownFileType = sourcecode.swift; path = CardViewController.swift; sourceTree = "<group>"; };
		38AA09972187086000963CBF /* CardViewController.xib */ = {isa = PBXFileReference; lastKnownFileType = file.xib; path = CardViewController.xib; sourceTree = "<group>"; };
/* End PBXFileReference section */

/* Begin PBXFrameworksBuildPhase section */
		38AA0960218707A200963CBF /* Frameworks */ = {
			isa = PBXFrameworksBuildPhase;
			buildActionMask = 2147483647;
			files = (
			);
			runOnlyForDeploymentPostprocessing = 0;
		};
		38AA0974218707A400963CBF /* Frameworks */ = {
			isa = PBXFrameworksBuildPhase;
			buildActionMask = 2147483647;
			files = (
			);
			runOnlyForDeploymentPostprocessing = 0;
		};
		38AA097F218707A400963CBF /* Frameworks */ = {
			isa = PBXFrameworksBuildPhase;
			buildActionMask = 2147483647;
			files = (
			);
			runOnlyForDeploymentPostprocessing = 0;
		};
/* End PBXFrameworksBuildPhase section */

/* Begin PBXGroup section */
		38AA095A218707A200963CBF = {
			isa = PBXGroup;
			children = (
				38AA0965218707A200963CBF /* CardView */,
				38AA097A218707A400963CBF /* CardViewTests */,
				38AA0985218707A400963CBF /* CardViewUITests */,
				38AA0964218707A200963CBF /* Products */,
			);
			sourceTree = "<group>";
		};
		38AA0964218707A200963CBF /* Products */ = {
			isa = PBXGroup;
			children = (
				38AA0963218707A200963CBF /* CardView.app */,
				38AA0977218707A400963CBF /* CardViewTests.xctest */,
				38AA0982218707A400963CBF /* CardViewUITests.xctest */,
			);
			name = Products;
			sourceTree = "<group>";
		};
		38AA0965218707A200963CBF /* CardView */ = {
			isa = PBXGroup;
			children = (
				38AA0966218707A200963CBF /* AppDelegate.swift */,
				38AA0968218707A200963CBF /* ViewController.swift */,
				38AA096A218707A200963CBF /* Main.storyboard */,
				38AA096D218707A400963CBF /* Assets.xcassets */,
				38AA096F218707A400963CBF /* LaunchScreen.storyboard */,
				38AA0972218707A400963CBF /* Info.plist */,
				38AA09962187086000963CBF /* CardViewController.swift */,
				38AA09972187086000963CBF /* CardViewController.xib */,
			);
			path = CardView;
			sourceTree = "<group>";
		};
		38AA097A218707A400963CBF /* CardViewTests */ = {
			isa = PBXGroup;
			children = (
				38AA097B218707A400963CBF /* CardViewTests.swift */,
				38AA097D218707A400963CBF /* Info.plist */,
			);
			path = CardViewTests;
			sourceTree = "<group>";
		};
		38AA0985218707A400963CBF /* CardViewUITests */ = {
			isa = PBXGroup;
			children = (
				38AA0986218707A400963CBF /* CardViewUITests.swift */,
				38AA0988218707A400963CBF /* Info.plist */,
			);
			path = CardViewUITests;
			sourceTree = "<group>";
		};
/* End PBXGroup section */

/* Begin PBXNativeTarget section */
		38AA0962218707A200963CBF /* CardView */ = {
			isa = PBXNativeTarget;
			buildConfigurationList = 38AA098B218707A400963CBF /* Build configuration list for PBXNativeTarget "CardView" */;
			buildPhases = (
				38AA095F218707A200963CBF /* Sources */,
				38AA0960218707A200963CBF /* Frameworks */,
				38AA0961218707A200963CBF /* Resources */,
			);
			buildRules = (
			);
			dependencies = (
			);
			name = CardView;
			productName = CardView;
			productReference = 38AA0963218707A200963CBF /* CardView.app */;
			productType = "com.apple.product-type.application";
		};
		38AA0976218707A400963CBF /* CardViewTests */ = {
			isa = PBXNativeTarget;
			buildConfigurationList = 38AA098E218707A400963CBF /* Build configuration list for PBXNativeTarget "CardViewTests" */;
			buildPhases = (
				38AA0973218707A400963CBF /* Sources */,
				38AA0974218707A400963CBF /* Frameworks */,
				38AA0975218707A400963CBF /* Resources */,
			);
			buildRules = (
			);
			dependencies = (
				38AA0979218707A400963CBF /* PBXTargetDependency */,
			);
			name = CardViewTests;
			productName = CardViewTests;
			productReference = 38AA0977218707A400963CBF /* CardViewTests.xctest */;
			productType = "com.apple.product-type.bundle.unit-test";
		};
		38AA0981218707A400963CBF /* CardViewUITests */ = {
			isa = PBXNativeTarget;
			buildConfigurationList = 38AA0991218707A400963CBF /* Build configuration list for PBXNativeTarget "CardViewUITests" */;
			buildPhases = (
				38AA097E218707A400963CBF /* Sources */,
				38AA097F218707A400963CBF /* Frameworks */,
				38AA0980218707A400963CBF /* Resources */,
			);
			buildRules = (
			);
			dependencies = (
				38AA0984218707A400963CBF /* PBXTargetDependency */,
			);
			name = CardViewUITests;
			productName = CardViewUITests;
			productReference = 38AA0982218707A400963CBF /* CardViewUITests.xctest */;
			productType = "com.apple.product-type.bundle.ui-testing";
		};
/* End PBXNativeTarget section */

/* Begin PBXProject section */
		38AA095B218707A200963CBF /* Project object */ = {
			isa = PBXProject;
			attributes = {
				LastSwiftUpdateCheck = 1000;
				LastUpgradeCheck = 1000;
				ORGANIZATIONNAME = "Akash Bhardwaj";
				TargetAttributes = {
					38AA0962218707A200963CBF = {
						CreatedOnToolsVersion = 10.0;
					};
					38AA0976218707A400963CBF = {
						CreatedOnToolsVersion = 10.0;
						TestTargetID = 38AA0962218707A200963CBF;
					};
					38AA0981218707A400963CBF = {
						CreatedOnToolsVersion = 10.0;
						TestTargetID = 38AA0962218707A200963CBF;
					};
				};
			};
			buildConfigurationList = 38AA095E218707A200963CBF /* Build configuration list for PBXProject "CardView" */;
			compatibilityVersion = "Xcode 9.3";
			developmentRegion = en;
			hasScannedForEncodings = 0;
			knownRegions = (
				en,
				Base,
			);
			mainGroup = 38AA095A218707A200963CBF;
			productRefGroup = 38AA0964218707A200963CBF /* Products */;
			projectDirPath = "";
			projectRoot = "";
			targets = (
				38AA0962218707A200963CBF /* CardView */,
				38AA0976218707A400963CBF /* CardViewTests */,
				38AA0981218707A400963CBF /* CardViewUITests */,
			);
		};
/* End PBXProject section */

/* Begin PBXResourcesBuildPhase section */
		38AA0961218707A200963CBF /* Resources */ = {
			isa = PBXResourcesBuildPhase;
			buildActionMask = 2147483647;
			files = (
				38AA0971218707A400963CBF /* LaunchScreen.storyboard in Resources */,
				38AA096E218707A400963CBF /* Assets.xcassets in Resources */,
				38AA09992187086000963CBF /* CardViewController.xib in Resources */,
				38AA096C218707A200963CBF /* Main.storyboard in Resources */,
			);
			runOnlyForDeploymentPostprocessing = 0;
		};
		38AA0975218707A400963CBF /* Resources */ = {
			isa = PBXResourcesBuildPhase;
			buildActionMask = 2147483647;
			files = (
			);
			runOnlyForDeploymentPostprocessing = 0;
		};
		38AA0980218707A400963CBF /* Resources */ = {
			isa = PBXResourcesBuildPhase;
			buildActionMask = 2147483647;
			files = (
			);
			runOnlyForDeploymentPostprocessing = 0;
		};
/* End PBXResourcesBuildPhase section */

/* Begin PBXSourcesBuildPhase section */
		38AA095F218707A200963CBF /* Sources */ = {
			isa = PBXSourcesBuildPhase;
			buildActionMask = 2147483647;
			files = (
				38AA0969218707A200963CBF /* ViewController.swift in Sources */,
				38AA0967218707A200963CBF /* AppDelegate.swift in Sources */,
				38AA09982187086000963CBF /* CardViewController.swift in Sources */,
			);
			runOnlyForDeploymentPostprocessing = 0;
		};
		38AA0973218707A400963CBF /* Sources */ = {
			isa = PBXSourcesBuildPhase;
			buildActionMask = 2147483647;
			files = (
				38AA097C218707A400963CBF /* CardViewTests.swift in Sources */,
			);
			runOnlyForDeploymentPostprocessing = 0;
		};
		38AA097E218707A400963CBF /* Sources */ = {
			isa = PBXSourcesBuildPhase;
			buildActionMask = 2147483647;
			files = (
				38AA0987218707A400963CBF /* CardViewUITests.swift in Sources */,
			);
			runOnlyForDeploymentPostprocessing = 0;
		};
/* End PBXSourcesBuildPhase section */

/* Begin PBXTargetDependency section */
		38AA0979218707A400963CBF /* PBXTargetDependency */ = {
			isa = PBXTargetDependency;
			target = 38AA0962218707A200963CBF /* CardView */;
			targetProxy = 38AA0978218707A400963CBF /* PBXContainerItemProxy */;
		};
		38AA0984218707A400963CBF /* PBXTargetDependency */ = {
			isa = PBXTargetDependency;
			target = 38AA0962218707A200963CBF /* CardView */;
			targetProxy = 38AA0983218707A400963CBF /* PBXContainerItemProxy */;
		};
/* End PBXTargetDependency section */

/* Begin PBXVariantGroup section */
		38AA096A218707A200963CBF /* Main.storyboard */ = {
			isa = PBXVariantGroup;
			children = (
				38AA096B218707A200963CBF /* Base */,
			);
			name = Main.storyboard;
			sourceTree = "<group>";
		};
		38AA096F218707A400963CBF /* LaunchScreen.storyboard */ = {
			isa = PBXVariantGroup;
			children = (
				38AA0970218707A400963CBF /* Base */,
			);
			name = LaunchScreen.storyboard;
			sourceTree = "<group>";
		};
/* End PBXVariantGroup section */

/* Begin XCBuildConfiguration section */
		38AA0989218707A400963CBF /* Debug */ = {
			isa = XCBuildConfiguration;
			buildSettings = {
				ALWAYS_SEARCH_USER_PATHS = NO;
				CLANG_ANALYZER_NONNULL = YES;
				CLANG_ANALYZER_NUMBER_OBJECT_CONVERSION = YES_AGGRESSIVE;
				CLANG_CXX_LANGUAGE_STANDARD = "gnu++14";
				CLANG_CXX_LIBRARY = "libc++";
				CLANG_ENABLE_MODULES = YES;
				CLANG_ENABLE_OBJC_ARC = YES;
				CLANG_ENABLE_OBJC_WEAK = YES;
				CLANG_WARN_BLOCK_CAPTURE_AUTORELEASING = YES;
				CLANG_WARN_BOOL_CONVERSION = YES;
				CLANG_WARN_COMMA = YES;
				CLANG_WARN_CONSTANT_CONVERSION = YES;
				CLANG_WARN_DEPRECATED_OBJC_IMPLEMENTATIONS = YES;
				CLANG_WARN_DIRECT_OBJC_ISA_USAGE = YES_ERROR;
				CLANG_WARN_DOCUMENTATION_COMMENTS = YES;
				CLANG_WARN_EMPTY_BODY = YES;
				CLANG_WARN_ENUM_CONVERSION = YES;
				CLANG_WARN_INFINITE_RECURSION = YES;
				CLANG_WARN_INT_CONVERSION = YES;
				CLANG_WARN_NON_LITERAL_NULL_CONVERSION = YES;
				CLANG_WARN_OBJC_IMPLICIT_RETAIN_SELF = YES;
				CLANG_WARN_OBJC_LITERAL_CONVERSION = YES;
				CLANG_WARN_OBJC_ROOT_CLASS = YES_ERROR;
				CLANG_WARN_RANGE_LOOP_ANALYSIS = YES;
				CLANG_WARN_STRICT_PROTOTYPES = YES;
				CLANG_WARN_SUSPICIOUS_MOVE = YES;
				CLANG_WARN_UNGUARDED_AVAILABILITY = YES_AGGRESSIVE;
				CLANG_WARN_UNREACHABLE_CODE = YES;
				CLANG_WARN__DUPLICATE_METHOD_MATCH = YES;
				CODE_SIGN_IDENTITY = "iPhone Developer";
				COPY_PHASE_STRIP = NO;
				DEBUG_INFORMATION_FORMAT = dwarf;
				ENABLE_STRICT_OBJC_MSGSEND = YES;
				ENABLE_TESTABILITY = YES;
				GCC_C_LANGUAGE_STANDARD = gnu11;
				GCC_DYNAMIC_NO_PIC = NO;
				GCC_NO_COMMON_BLOCKS = YES;
				GCC_OPTIMIZATION_LEVEL = 0;
				GCC_PREPROCESSOR_DEFINITIONS = (
					"DEBUG=1",
					"$(inherited)",
				);
				GCC_WARN_64_TO_32_BIT_CONVERSION = YES;
				GCC_WARN_ABOUT_RETURN_TYPE = YES_ERROR;
				GCC_WARN_UNDECLARED_SELECTOR = YES;
				GCC_WARN_UNINITIALIZED_AUTOS = YES_AGGRESSIVE;
				GCC_WARN_UNUSED_FUNCTION = YES;
				GCC_WARN_UNUSED_VARIABLE = YES;
				IPHONEOS_DEPLOYMENT_TARGET = 12.0;
				MTL_ENABLE_DEBUG_INFO = INCLUDE_SOURCE;
				MTL_FAST_MATH = YES;
				ONLY_ACTIVE_ARCH = YES;
				SDKROOT = iphoneos;
				SWIFT_ACTIVE_COMPILATION_CONDITIONS = DEBUG;
				SWIFT_OPTIMIZATION_LEVEL = "-Onone";
			};
			name = Debug;
		};
		38AA098A218707A400963CBF /* Release */ = {
			isa = XCBuildConfiguration;
			buildSettings = {
				ALWAYS_SEARCH_USER_PATHS = NO;
				CLANG_ANALYZER_NONNULL = YES;
				CLANG_ANALYZER_NUMBER_OBJECT_CONVERSION = YES_AGGRESSIVE;
				CLANG_CXX_LANGUAGE_STANDARD = "gnu++14";
				CLANG_CXX_LIBRARY = "libc++";
				CLANG_ENABLE_MODULES = YES;
				CLANG_ENABLE_OBJC_ARC = YES;
				CLANG_ENABLE_OBJC_WEAK = YES;
				CLANG_WARN_BLOCK_CAPTURE_AUTORELEASING = YES;
				CLANG_WARN_BOOL_CONVERSION = YES;
				CLANG_WARN_COMMA = YES;
				CLANG_WARN_CONSTANT_CONVERSION = YES;
				CLANG_WARN_DEPRECATED_OBJC_IMPLEMENTATIONS = YES;
				CLANG_WARN_DIRECT_OBJC_ISA_USAGE = YES_ERROR;
				CLANG_WARN_DOCUMENTATION_COMMENTS = YES;
				CLANG_WARN_EMPTY_BODY = YES;
				CLANG_WARN_ENUM_CONVERSION = YES;
				CLANG_WARN_INFINITE_RECURSION = YES;
				CLANG_WARN_INT_CONVERSION = YES;
				CLANG_WARN_NON_LITERAL_NULL_CONVERSION = YES;
				CLANG_WARN_OBJC_IMPLICIT_RETAIN_SELF = YES;
				CLANG_WARN_OBJC_LITERAL_CONVERSION = YES;
				CLANG_WARN_OBJC_ROOT_CLASS = YES_ERROR;
				CLANG_WARN_RANGE_LOOP_ANALYSIS = YES;
				CLANG_WARN_STRICT_PROTOTYPES = YES;
				CLANG_WARN_SUSPICIOUS_MOVE = YES;
				CLANG_WARN_UNGUARDED_AVAILABILITY = YES_AGGRESSIVE;
				CLANG_WARN_UNREACHABLE_CODE = YES;
				CLANG_WARN__DUPLICATE_METHOD_MATCH = YES;
				CODE_SIGN_IDENTITY = "iPhone Developer";
				COPY_PHASE_STRIP = NO;
				DEBUG_INFORMATION_FORMAT = "dwarf-with-dsym";
				ENABLE_NS_ASSERTIONS = NO;
				ENABLE_STRICT_OBJC_MSGSEND = YES;
				GCC_C_LANGUAGE_STANDARD = gnu11;
				GCC_NO_COMMON_BLOCKS = YES;
				GCC_WARN_64_TO_32_BIT_CONVERSION = YES;
				GCC_WARN_ABOUT_RETURN_TYPE = YES_ERROR;
				GCC_WARN_UNDECLARED_SELECTOR = YES;
				GCC_WARN_UNINITIALIZED_AUTOS = YES_AGGRESSIVE;
				GCC_WARN_UNUSED_FUNCTION = YES;
				GCC_WARN_UNUSED_VARIABLE = YES;
				IPHONEOS_DEPLOYMENT_TARGET = 12.0;
				MTL_ENABLE_DEBUG_INFO = NO;
				MTL_FAST_MATH = YES;
				SDKROOT = iphoneos;
				SWIFT_COMPILATION_MODE = wholemodule;
				SWIFT_OPTIMIZATION_LEVEL = "-O";
				VALIDATE_PRODUCT = YES;
			};
			name = Release;
		};
		38AA098C218707A400963CBF /* Debug */ = {
			isa = XCBuildConfiguration;
			buildSettings = {
				ASSETCATALOG_COMPILER_APPICON_NAME = AppIcon;
				CODE_SIGN_STYLE = Automatic;
				INFOPLIST_FILE = CardView/Info.plist;
				LD_RUNPATH_SEARCH_PATHS = (
					"$(inherited)",
					"@executable_path/Frameworks",
				);
				PRODUCT_BUNDLE_IDENTIFIER = AkashBhardwaj.CardView;
				PRODUCT_NAME = "$(TARGET_NAME)";
				SWIFT_VERSION = 4.2;
				TARGETED_DEVICE_FAMILY = "1,2";
			};
			name = Debug;
		};
		38AA098D218707A400963CBF /* Release */ = {
			isa = XCBuildConfiguration;
			buildSettings = {
				ASSETCATALOG_COMPILER_APPICON_NAME = AppIcon;
				CODE_SIGN_STYLE = Automatic;
				INFOPLIST_FILE = CardView/Info.plist;
				LD_RUNPATH_SEARCH_PATHS = (
					"$(inherited)",
					"@executable_path/Frameworks",
				);
				PRODUCT_BUNDLE_IDENTIFIER = AkashBhardwaj.CardView;
				PRODUCT_NAME = "$(TARGET_NAME)";
				SWIFT_VERSION = 4.2;
				TARGETED_DEVICE_FAMILY = "1,2";
			};
			name = Release;
		};
		38AA098F218707A400963CBF /* Debug */ = {
			isa = XCBuildConfiguration;
			buildSettings = {
				ALWAYS_EMBED_SWIFT_STANDARD_LIBRARIES = YES;
				BUNDLE_LOADER = "$(TEST_HOST)";
				CODE_SIGN_STYLE = Automatic;
				INFOPLIST_FILE = CardViewTests/Info.plist;
				LD_RUNPATH_SEARCH_PATHS = (
					"$(inherited)",
					"@executable_path/Frameworks",
					"@loader_path/Frameworks",
				);
				PRODUCT_BUNDLE_IDENTIFIER = AkashBhardwaj.CardViewTests;
				PRODUCT_NAME = "$(TARGET_NAME)";
				SWIFT_VERSION = 4.2;
				TARGETED_DEVICE_FAMILY = "1,2";
				TEST_HOST = "$(BUILT_PRODUCTS_DIR)/CardView.app/CardView";
			};
			name = Debug;
		};
		38AA0990218707A400963CBF /* Release */ = {
			isa = XCBuildConfiguration;
			buildSettings = {
				ALWAYS_EMBED_SWIFT_STANDARD_LIBRARIES = YES;
				BUNDLE_LOADER = "$(TEST_HOST)";
				CODE_SIGN_STYLE = Automatic;
				INFOPLIST_FILE = CardViewTests/Info.plist;
				LD_RUNPATH_SEARCH_PATHS = (
					"$(inherited)",
					"@executable_path/Frameworks",
					"@loader_path/Frameworks",
				);
				PRODUCT_BUNDLE_IDENTIFIER = AkashBhardwaj.CardViewTests;
				PRODUCT_NAME = "$(TARGET_NAME)";
				SWIFT_VERSION = 4.2;
				TARGETED_DEVICE_FAMILY = "1,2";
				TEST_HOST = "$(BUILT_PRODUCTS_DIR)/CardView.app/CardView";
			};
			name = Release;
		};
		38AA0992218707A400963CBF /* Debug */ = {
			isa = XCBuildConfiguration;
			buildSettings = {
				ALWAYS_EMBED_SWIFT_STANDARD_LIBRARIES = YES;
				CODE_SIGN_STYLE = Automatic;
				INFOPLIST_FILE = CardViewUITests/Info.plist;
				LD_RUNPATH_SEARCH_PATHS = (
					"$(inherited)",
					"@executable_path/Frameworks",
					"@loader_path/Frameworks",
				);
				PRODUCT_BUNDLE_IDENTIFIER = AkashBhardwaj.CardViewUITests;
				PRODUCT_NAME = "$(TARGET_NAME)";
				SWIFT_VERSION = 4.2;
				TARGETED_DEVICE_FAMILY = "1,2";
				TEST_TARGET_NAME = CardView;
			};
			name = Debug;
		};
		38AA0993218707A400963CBF /* Release */ = {
			isa = XCBuildConfiguration;
			buildSettings = {
				ALWAYS_EMBED_SWIFT_STANDARD_LIBRARIES = YES;
				CODE_SIGN_STYLE = Automatic;
				INFOPLIST_FILE = CardViewUITests/Info.plist;
				LD_RUNPATH_SEARCH_PATHS = (
					"$(inherited)",
					"@executable_path/Frameworks",
					"@loader_path/Frameworks",
				);
				PRODUCT_BUNDLE_IDENTIFIER = AkashBhardwaj.CardViewUITests;
				PRODUCT_NAME = "$(TARGET_NAME)";
				SWIFT_VERSION = 4.2;
				TARGETED_DEVICE_FAMILY = "1,2";
				TEST_TARGET_NAME = CardView;
			};
			name = Release;
		};
/* End XCBuildConfiguration section */

/* Begin XCConfigurationList section */
		38AA095E218707A200963CBF /* Build configuration list for PBXProject "CardView" */ = {
			isa = XCConfigurationList;
			buildConfigurations = (
				38AA0989218707A400963CBF /* Debug */,
				38AA098A218707A400963CBF /* Release */,
			);
			defaultConfigurationIsVisible = 0;
			defaultConfigurationName = Release;
		};
		38AA098B218707A400963CBF /* Build configuration list for PBXNativeTarget "CardView" */ = {
			isa = XCConfigurationList;
			buildConfigurations = (
				38AA098C218707A400963CBF /* Debug */,
				38AA098D218707A400963CBF /* Release */,
			);
			defaultConfigurationIsVisible = 0;
			defaultConfigurationName = Release;
		};
		38AA098E218707A400963CBF /* Build configuration list for PBXNativeTarget "CardViewTests" */ = {
			isa = XCConfigurationList;
			buildConfigurations = (
				38AA098F218707A400963CBF /* Debug */,
				38AA0990218707A400963CBF /* Release */,
			);
			defaultConfigurationIsVisible = 0;
			defaultConfigurationName = Release;
		};
		38AA0991218707A400963CBF /* Build configuration list for PBXNativeTarget "CardViewUITests" */ = {
			isa = XCConfigurationList;
			buildConfigurations = (
				38AA0992218707A400963CBF /* Debug */,
				38AA0993218707A400963CBF /* Release */,
			);
			defaultConfigurationIsVisible = 0;
			defaultConfigurationName = Release;
		};
/* End XCConfigurationList section */
	};
	rootObject = 38AA095B218707A200963CBF /* Project object */;
}
